
Microsoft Visual Studio Solution File, Format Version 12.00
# Visual Studio Version 16
VisualStudioVersion = 25.0.1703.4
MinimumVisualStudioVersion = 10.0.40219.1
Project("{FAE04EC0-301F-11D3-BF4B-00C04F79EFBC}") = "BerkutTextAdapter", "BerkutTextAdapter\BerkutTextAdapter.csproj", "{80808B65-4D2D-4940-8B22-ED00E9B69C73}"
EndProject
Project("{2150E333-8FDC-42A3-9474-1A3956D46DE8}") = "Solution Items", "Solution Items", "{E23783BA-8EED-4AD3-A762-D20C64B80DC5}"
	ProjectSection(SolutionItems) = preProject
		.editorconfig = .editorconfig
	EndProjectSection
EndProject
Global
	GlobalSection(SolutionConfigurationPlatforms) = preSolution
		Debug|Any CPU = Debug|Any CPU
		Release|Any CPU = Release|Any CPU
	EndGlobalSection
	GlobalSection(ProjectConfigurationPlatforms) = postSolution
		{80808B65-4D2D-4940-8B22-ED00E9B69C73}.Debug|Any CPU.ActiveCfg = Debug|Any CPU
		{80808B65-4D2D-4940-8B22-ED00E9B69C73}.Debug|Any CPU.Build.0 = Debug|Any CPU
		{80808B65-4D2D-4940-8B22-ED00E9B69C73}.Release|Any CPU.ActiveCfg = Release|Any CPU
		{80808B65-4D2D-4940-8B22-ED00E9B69C73}.Release|Any CPU.Build.0 = Release|Any CPU
	EndGlobalSection
	GlobalSection(SolutionProperties) = preSolution
		HideSolutionNode = FALSE
	EndGlobalSection
	GlobalSection(ExtensibilityGlobals) = postSolution
		SolutionGuid = {61301128-2BFE-478A-AA08-70D8ECDAC4C3}
	EndGlobalSection
EndGlobal
